
Microsoft Visual Studio Solution File, Format Version 12.00
# Visual Studio Version 17
VisualStudioVersion = 17.0.31903.59
MinimumVisualStudioVersion = 10.0.40219.1
Project("{FAE04EC0-301F-11D3-BF4B-00C04F79EFBC}") = "records", "records\records.csproj", "{7CE96F5C-2D0B-4299-93E7-1AFAC244EBFC}"
EndProject
Project("{FAE04EC0-301F-11D3-BF4B-00C04F79EFBC}") = "misc-cs-features", "misc-cs-features\misc-cs-features.csproj", "{C9BEC527-D3A8-4DD1-BBDB-2CDBBA7F9BB0}"
EndProject
Project("{FAE04EC0-301F-11D3-BF4B-00C04F79EFBC}") = "theaterBookingDemo", "theaterBookingDemo\theaterBookingDemo.csproj", "{C5217732-DC5B-4A40-BB36-E8C510016D9C}"
EndProject
Global
	GlobalSection(SolutionConfigurationPlatforms) = preSolution
		Debug|Any CPU = Debug|Any CPU
		Debug|x64 = Debug|x64
		Debug|x86 = Debug|x86
		Release|Any CPU = Release|Any CPU
		Release|x64 = Release|x64
		Release|x86 = Release|x86
	EndGlobalSection
	GlobalSection(ProjectConfigurationPlatforms) = postSolution
		{7CE96F5C-2D0B-4299-93E7-1AFAC244EBFC}.Debug|Any CPU.ActiveCfg = Debug|Any CPU
		{7CE96F5C-2D0B-4299-93E7-1AFAC244EBFC}.Debug|Any CPU.Build.0 = Debug|Any CPU
		{7CE96F5C-2D0B-4299-93E7-1AFAC244EBFC}.Debug|x64.ActiveCfg = Debug|Any CPU
		{7CE96F5C-2D0B-4299-93E7-1AFAC244EBFC}.Debug|x64.Build.0 = Debug|Any CPU
		{7CE96F5C-2D0B-4299-93E7-1AFAC244EBFC}.Debug|x86.ActiveCfg = Debug|Any CPU
		{7CE96F5C-2D0B-4299-93E7-1AFAC244EBFC}.Debug|x86.Build.0 = Debug|Any CPU
		{7CE96F5C-2D0B-4299-93E7-1AFAC244EBFC}.Release|Any CPU.ActiveCfg = Release|Any CPU
		{7CE96F5C-2D0B-4299-93E7-1AFAC244EBFC}.Release|Any CPU.Build.0 = Release|Any CPU
		{7CE96F5C-2D0B-4299-93E7-1AFAC244EBFC}.Release|x64.ActiveCfg = Release|Any CPU
		{7CE96F5C-2D0B-4299-93E7-1AFAC244EBFC}.Release|x64.Build.0 = Release|Any CPU
		{7CE96F5C-2D0B-4299-93E7-1AFAC244EBFC}.Release|x86.ActiveCfg = Release|Any CPU
		{7CE96F5C-2D0B-4299-93E7-1AFAC244EBFC}.Release|x86.Build.0 = Release|Any CPU
		{C9BEC527-D3A8-4DD1-BBDB-2CDBBA7F9BB0}.Debug|Any CPU.ActiveCfg = Debug|Any CPU
		{C9BEC527-D3A8-4DD1-BBDB-2CDBBA7F9BB0}.Debug|Any CPU.Build.0 = Debug|Any CPU
		{C9BEC527-D3A8-4DD1-BBDB-2CDBBA7F9BB0}.Debug|x64.ActiveCfg = Debug|Any CPU
		{C9BEC527-D3A8-4DD1-BBDB-2CDBBA7F9BB0}.Debug|x64.Build.0 = Debug|Any CPU
		{C9BEC527-D3A8-4DD1-BBDB-2CDBBA7F9BB0}.Debug|x86.ActiveCfg = Debug|Any CPU
		{C9BEC527-D3A8-4DD1-BBDB-2CDBBA7F9BB0}.Debug|x86.Build.0 = Debug|Any CPU
		{C9BEC527-D3A8-4DD1-BBDB-2CDBBA7F9BB0}.Release|Any CPU.ActiveCfg = Release|Any CPU
		{C9BEC527-D3A8-4DD1-BBDB-2CDBBA7F9BB0}.Release|Any CPU.Build.0 = Release|Any CPU
		{C9BEC527-D3A8-4DD1-BBDB-2CDBBA7F9BB0}.Release|x64.ActiveCfg = Release|Any CPU
		{C9BEC527-D3A8-4DD1-BBDB-2CDBBA7F9BB0}.Release|x64.Build.0 = Release|Any CPU
		{C9BEC527-D3A8-4DD1-BBDB-2CDBBA7F9BB0}.Release|x86.ActiveCfg = Release|Any CPU
		{C9BEC527-D3A8-4DD1-BBDB-2CDBBA7F9BB0}.Release|x86.Build.0 = Release|Any CPU
		{C5217732-DC5B-4A40-BB36-E8C510016D9C}.Debug|Any CPU.ActiveCfg = Debug|Any CPU
		{C5217732-DC5B-4A40-BB36-E8C510016D9C}.Debug|Any CPU.Build.0 = Debug|Any CPU
		{C5217732-DC5B-4A40-BB36-E8C510016D9C}.Debug|x64.ActiveCfg = Debug|Any CPU
		{C5217732-DC5B-4A40-BB36-E8C510016D9C}.Debug|x64.Build.0 = Debug|Any CPU
		{C5217732-DC5B-4A40-BB36-E8C510016D9C}.Debug|x86.ActiveCfg = Debug|Any CPU
		{C5217732-DC5B-4A40-BB36-E8C510016D9C}.Debug|x86.Build.0 = Debug|Any CPU
		{C5217732-DC5B-4A40-BB36-E8C510016D9C}.Release|Any CPU.ActiveCfg = Release|Any CPU
		{C5217732-DC5B-4A40-BB36-E8C510016D9C}.Release|Any CPU.Build.0 = Release|Any CPU
		{C5217732-DC5B-4A40-BB36-E8C510016D9C}.Release|x64.ActiveCfg = Release|Any CPU
		{C5217732-DC5B-4A40-BB36-E8C510016D9C}.Release|x64.Build.0 = Release|Any CPU
		{C5217732-DC5B-4A40-BB36-E8C510016D9C}.Release|x86.ActiveCfg = Release|Any CPU
		{C5217732-DC5B-4A40-BB36-E8C510016D9C}.Release|x86.Build.0 = Release|Any CPU
	EndGlobalSection
	GlobalSection(SolutionProperties) = preSolution
		HideSolutionNode = FALSE
	EndGlobalSection
EndGlobal
